// !$*UTF8*$!
{
	archiveVersion = 1;
	classes = {
	};
	objectVersion = 56;
	objects = {

/* Begin PBXBuildFile section */
		6B6871B12C0B7334003F096F /* DependInjectApp.swift in Sources */ = {isa = PBXBuildFile; fileRef = 6B6871B02C0B7334003F096F /* DependInjectApp.swift */; };
		6B6871B32C0B7334003F096F /* ContentView.swift in Sources */ = {isa = PBXBuildFile; fileRef = 6B6871B22C0B7334003F096F /* ContentView.swift */; };
		6B6871B52C0B7336003F096F /* Assets.xcassets in Resources */ = {isa = PBXBuildFile; fileRef = 6B6871B42C0B7336003F096F /* Assets.xcassets */; };
		6B6871B82C0B7336003F096F /* Preview Assets.xcassets in Resources */ = {isa = PBXBuildFile; fileRef = 6B6871B72C0B7336003F096F /* Preview Assets.xcassets */; };
		6B6871C22C0B7336003F096F /* DependInjectTests.swift in Sources */ = {isa = PBXBuildFile; fileRef = 6B6871C12C0B7336003F096F /* DependInjectTests.swift */; };
		6B6871CC2C0B7336003F096F /* DependInjectUITests.swift in Sources */ = {isa = PBXBuildFile; fileRef = 6B6871CB2C0B7336003F096F /* DependInjectUITests.swift */; };
		6B6871CE2C0B7336003F096F /* DependInjectUITestsLaunchTests.swift in Sources */ = {isa = PBXBuildFile; fileRef = 6B6871CD2C0B7336003F096F /* DependInjectUITestsLaunchTests.swift */; };
		6B6871DB2C0B73C6003F096F /* DependencyInjectionView.swift in Sources */ = {isa = PBXBuildFile; fileRef = 6B6871DA2C0B73C6003F096F /* DependencyInjectionView.swift */; };
/* End PBXBuildFile section */

/* Begin PBXContainerItemProxy section */
		6B6871BE2C0B7336003F096F /* PBXContainerItemProxy */ = {
			isa = PBXContainerItemProxy;
			containerPortal = 6B6871A52C0B7334003F096F /* Project object */;
			proxyType = 1;
			remoteGlobalIDString = 6B6871AC2C0B7334003F096F;
			remoteInfo = DependInject;
		};
		6B6871C82C0B7336003F096F /* PBXContainerItemProxy */ = {
			isa = PBXContainerItemProxy;
			containerPortal = 6B6871A52C0B7334003F096F /* Project object */;
			proxyType = 1;
			remoteGlobalIDString = 6B6871AC2C0B7334003F096F;
			remoteInfo = DependInject;
		};
/* End PBXContainerItemProxy section */

/* Begin PBXFileReference section */
		6B6871AD2C0B7334003F096F /* DependInject.app */ = {isa = PBXFileReference; explicitFileType = wrapper.application; includeInIndex = 0; path = DependInject.app; sourceTree = BUILT_PRODUCTS_DIR; };
		6B6871B02C0B7334003F096F /* DependInjectApp.swift */ = {isa = PBXFileReference; lastKnownFileType = sourcecode.swift; path = DependInjectApp.swift; sourceTree = "<group>"; };
		6B6871B22C0B7334003F096F /* ContentView.swift */ = {isa = PBXFileReference; lastKnownFileType = sourcecode.swift; path = ContentView.swift; sourceTree = "<group>"; };
		6B6871B42C0B7336003F096F /* Assets.xcassets */ = {isa = PBXFileReference; lastKnownFileType = folder.assetcatalog; path = Assets.xcassets; sourceTree = "<group>"; };
		6B6871B72C0B7336003F096F /* Preview Assets.xcassets */ = {isa = PBXFileReference; lastKnownFileType = folder.assetcatalog; path = "Preview Assets.xcassets"; sourceTree = "<group>"; };
		6B6871BD2C0B7336003F096F /* DependInjectTests.xctest */ = {isa = PBXFileReference; explicitFileType = wrapper.cfbundle; includeInIndex = 0; path = DependInjectTests.xctest; sourceTree = BUILT_PRODUCTS_DIR; };
		6B6871C12C0B7336003F096F /* DependInjectTests.swift */ = {isa = PBXFileReference; lastKnownFileType = sourcecode.swift; path = DependInjectTests.swift; sourceTree = "<group>"; };
		6B6871C72C0B7336003F096F /* DependInjectUITests.xctest */ = {isa = PBXFileReference; explicitFileType = wrapper.cfbundle; includeInIndex = 0; path = DependInjectUITests.xctest; sourceTree = BUILT_PRODUCTS_DIR; };
		6B6871CB2C0B7336003F096F /* DependInjectUITests.swift */ = {isa = PBXFileReference; lastKnownFileType = sourcecode.swift; path = DependInjectUITests.swift; sourceTree = "<group>"; };
		6B6871CD2C0B7336003F096F /* DependInjectUITestsLaunchTests.swift */ = {isa = PBXFileReference; lastKnownFileType = sourcecode.swift; path = DependInjectUITestsLaunchTests.swift; sourceTree = "<group>"; };
		6B6871DA2C0B73C6003F096F /* DependencyInjectionView.swift */ = {isa = PBXFileReference; lastKnownFileType = sourcecode.swift; path = DependencyInjectionView.swift; sourceTree = "<group>"; };
/* End PBXFileReference section */

/* Begin PBXFrameworksBuildPhase section */
		6B6871AA2C0B7334003F096F /* Frameworks */ = {
			isa = PBXFrameworksBuildPhase;
			buildActionMask = 2147483647;
			files = (
			);
			runOnlyForDeploymentPostprocessing = 0;
		};
		6B6871BA2C0B7336003F096F /* Frameworks */ = {
			isa = PBXFrameworksBuildPhase;
			buildActionMask = 2147483647;
			files = (
			);
			runOnlyForDeploymentPostprocessing = 0;
		};
		6B6871C42C0B7336003F096F /* Frameworks */ = {
			isa = PBXFrameworksBuildPhase;
			buildActionMask = 2147483647;
			files = (
			);
			runOnlyForDeploymentPostprocessing = 0;
		};
/* End PBXFrameworksBuildPhase section */

/* Begin PBXGroup section */
		6B6871A42C0B7334003F096F = {
			isa = PBXGroup;
			children = (
				6B6871AF2C0B7334003F096F /* DependInject */,
				6B6871C02C0B7336003F096F /* DependInjectTests */,
				6B6871CA2C0B7336003F096F /* DependInjectUITests */,
				6B6871AE2C0B7334003F096F /* Products */,
			);
			sourceTree = "<group>";
		};
		6B6871AE2C0B7334003F096F /* Products */ = {
			isa = PBXGroup;
			children = (
				6B6871AD2C0B7334003F096F /* DependInject.app */,
				6B6871BD2C0B7336003F096F /* DependInjectTests.xctest */,
				6B6871C72C0B7336003F096F /* DependInjectUITests.xctest */,
			);
			name = Products;
			sourceTree = "<group>";
		};
		6B6871AF2C0B7334003F096F /* DependInject */ = {
			isa = PBXGroup;
			children = (
				6B6871B02C0B7334003F096F /* DependInjectApp.swift */,
				6B6871B22C0B7334003F096F /* ContentView.swift */,
				6B6871B42C0B7336003F096F /* Assets.xcassets */,
				6B6871B62C0B7336003F096F /* Preview Content */,
				6B6871DA2C0B73C6003F096F /* DependencyInjectionView.swift */,
			);
			path = DependInject;
			sourceTree = "<group>";
		};
		6B6871B62C0B7336003F096F /* Preview Content */ = {
			isa = PBXGroup;
			children = (
				6B6871B72C0B7336003F096F /* Preview Assets.xcassets */,
			);
			path = "Preview Content";
			sourceTree = "<group>";
		};
		6B6871C02C0B7336003F096F /* DependInjectTests */ = {
			isa = PBXGroup;
			children = (
				6B6871C12C0B7336003F096F /* DependInjectTests.swift */,
			);
			path = DependInjectTests;
			sourceTree = "<group>";
		};
		6B6871CA2C0B7336003F096F /* DependInjectUITests */ = {
			isa = PBXGroup;
			children = (
				6B6871CB2C0B7336003F096F /* DependInjectUITests.swift */,
				6B6871CD2C0B7336003F096F /* DependInjectUITestsLaunchTests.swift */,
			);
			path = DependInjectUITests;
			sourceTree = "<group>";
		};
/* End PBXGroup section */

/* Begin PBXNativeTarget section */
		6B6871AC2C0B7334003F096F /* DependInject */ = {
			isa = PBXNativeTarget;
			buildConfigurationList = 6B6871D12C0B7336003F096F /* Build configuration list for PBXNativeTarget "DependInject" */;
			buildPhases = (
				6B6871A92C0B7334003F096F /* Sources */,
				6B6871AA2C0B7334003F096F /* Frameworks */,
				6B6871AB2C0B7334003F096F /* Resources */,
			);
			buildRules = (
			);
			dependencies = (
			);
			name = DependInject;
			productName = DependInject;
			productReference = 6B6871AD2C0B7334003F096F /* DependInject.app */;
			productType = "com.apple.product-type.application";
		};
		6B6871BC2C0B7336003F096F /* DependInjectTests */ = {
			isa = PBXNativeTarget;
			buildConfigurationList = 6B6871D42C0B7336003F096F /* Build configuration list for PBXNativeTarget "DependInjectTests" */;
			buildPhases = (
				6B6871B92C0B7336003F096F /* Sources */,
				6B6871BA2C0B7336003F096F /* Frameworks */,
				6B6871BB2C0B7336003F096F /* Resources */,
			);
			buildRules = (
			);
			dependencies = (
				6B6871BF2C0B7336003F096F /* PBXTargetDependency */,
			);
			name = DependInjectTests;
			productName = DependInjectTests;
			productReference = 6B6871BD2C0B7336003F096F /* DependInjectTests.xctest */;
			productType = "com.apple.product-type.bundle.unit-test";
		};
		6B6871C62C0B7336003F096F /* DependInjectUITests */ = {
			isa = PBXNativeTarget;
			buildConfigurationList = 6B6871D72C0B7336003F096F /* Build configuration list for PBXNativeTarget "DependInjectUITests" */;
			buildPhases = (
				6B6871C32C0B7336003F096F /* Sources */,
				6B6871C42C0B7336003F096F /* Frameworks */,
				6B6871C52C0B7336003F096F /* Resources */,
			);
			buildRules = (
			);
			dependencies = (
				6B6871C92C0B7336003F096F /* PBXTargetDependency */,
			);
			name = DependInjectUITests;
			productName = DependInjectUITests;
			productReference = 6B6871C72C0B7336003F096F /* DependInjectUITests.xctest */;
			productType = "com.apple.product-type.bundle.ui-testing";
		};
/* End PBXNativeTarget section */

/* Begin PBXProject section */
		6B6871A52C0B7334003F096F /* Project object */ = {
			isa = PBXProject;
			attributes = {
				BuildIndependentTargetsInParallel = 1;
				LastSwiftUpdateCheck = 1540;
				LastUpgradeCheck = 1540;
				TargetAttributes = {
					6B6871AC2C0B7334003F096F = {
						CreatedOnToolsVersion = 15.4;
					};
					6B6871BC2C0B7336003F096F = {
						CreatedOnToolsVersion = 15.4;
						TestTargetID = 6B6871AC2C0B7334003F096F;
					};
					6B6871C62C0B7336003F096F = {
						CreatedOnToolsVersion = 15.4;
						TestTargetID = 6B6871AC2C0B7334003F096F;
					};
				};
			};
			buildConfigurationList = 6B6871A82C0B7334003F096F /* Build configuration list for PBXProject "DependInject" */;
			compatibilityVersion = "Xcode 14.0";
			developmentRegion = en;
			hasScannedForEncodings = 0;
			knownRegions = (
				en,
				Base,
			);
			mainGroup = 6B6871A42C0B7334003F096F;
			productRefGroup = 6B6871AE2C0B7334003F096F /* Products */;
			projectDirPath = "";
			projectRoot = "";
			targets = (
				6B6871AC2C0B7334003F096F /* DependInject */,
				6B6871BC2C0B7336003F096F /* DependInjectTests */,
				6B6871C62C0B7336003F096F /* DependInjectUITests */,
			);
		};
/* End PBXProject section */

/* Begin PBXResourcesBuildPhase section */
		6B6871AB2C0B7334003F096F /* Resources */ = {
			isa = PBXResourcesBuildPhase;
			buildActionMask = 2147483647;
			files = (
				6B6871B82C0B7336003F096F /* Preview Assets.xcassets in Resources */,
				6B6871B52C0B7336003F096F /* Assets.xcassets in Resources */,
			);
			runOnlyForDeploymentPostprocessing = 0;
		};
		6B6871BB2C0B7336003F096F /* Resources */ = {
			isa = PBXResourcesBuildPhase;
			buildActionMask = 2147483647;
			files = (
			);
			runOnlyForDeploymentPostprocessing = 0;
		};
		6B6871C52C0B7336003F096F /* Resources */ = {
			isa = PBXResourcesBuildPhase;
			buildActionMask = 2147483647;
			files = (
			);
			runOnlyForDeploymentPostprocessing = 0;
		};
/* End PBXResourcesBuildPhase section */

/* Begin PBXSourcesBuildPhase section */
		6B6871A92C0B7334003F096F /* Sources */ = {
			isa = PBXSourcesBuildPhase;
			buildActionMask = 2147483647;
			files = (
				6B6871B32C0B7334003F096F /* ContentView.swift in Sources */,
				6B6871DB2C0B73C6003F096F /* DependencyInjectionView.swift in Sources */,
				6B6871B12C0B7334003F096F /* DependInjectApp.swift in Sources */,
			);
			runOnlyForDeploymentPostprocessing = 0;
		};
		6B6871B92C0B7336003F096F /* Sources */ = {
			isa = PBXSourcesBuildPhase;
			buildActionMask = 2147483647;
			files = (
				6B6871C22C0B7336003F096F /* DependInjectTests.swift in Sources */,
			);
			runOnlyForDeploymentPostprocessing = 0;
		};
		6B6871C32C0B7336003F096F /* Sources */ = {
			isa = PBXSourcesBuildPhase;
			buildActionMask = 2147483647;
			files = (
				6B6871CC2C0B7336003F096F /* DependInjectUITests.swift in Sources */,
				6B6871CE2C0B7336003F096F /* DependInjectUITestsLaunchTests.swift in Sources */,
			);
			runOnlyForDeploymentPostprocessing = 0;
		};
/* End PBXSourcesBuildPhase section */

/* Begin PBXTargetDependency section */
		6B6871BF2C0B7336003F096F /* PBXTargetDependency */ = {
			isa = PBXTargetDependency;
			target = 6B6871AC2C0B7334003F096F /* DependInject */;
			targetProxy = 6B6871BE2C0B7336003F096F /* PBXContainerItemProxy */;
		};
		6B6871C92C0B7336003F096F /* PBXTargetDependency */ = {
			isa = PBXTargetDependency;
			target = 6B6871AC2C0B7334003F096F /* DependInject */;
			targetProxy = 6B6871C82C0B7336003F096F /* PBXContainerItemProxy */;
		};
/* End PBXTargetDependency section */

/* Begin XCBuildConfiguration section */
		6B6871CF2C0B7336003F096F /* Debug */ = {
			isa = XCBuildConfiguration;
			buildSettings = {
				ALWAYS_SEARCH_USER_PATHS = NO;
				ASSETCATALOG_COMPILER_GENERATE_SWIFT_ASSET_SYMBOL_EXTENSIONS = YES;
				CLANG_ANALYZER_NONNULL = YES;
				CLANG_ANALYZER_NUMBER_OBJECT_CONVERSION = YES_AGGRESSIVE;
				CLANG_CXX_LANGUAGE_STANDARD = "gnu++20";
				CLANG_ENABLE_MODULES = YES;
				CLANG_ENABLE_OBJC_ARC = YES;
				CLANG_ENABLE_OBJC_WEAK = YES;
				CLANG_WARN_BLOCK_CAPTURE_AUTORELEASING = YES;
				CLANG_WARN_BOOL_CONVERSION = YES;
				CLANG_WARN_COMMA = YES;
				CLANG_WARN_CONSTANT_CONVERSION = YES;
				CLANG_WARN_DEPRECATED_OBJC_IMPLEMENTATIONS = YES;
				CLANG_WARN_DIRECT_OBJC_ISA_USAGE = YES_ERROR;
				CLANG_WARN_DOCUMENTATION_COMMENTS = YES;
				CLANG_WARN_EMPTY_BODY = YES;
				CLANG_WARN_ENUM_CONVERSION = YES;
				CLANG_WARN_INFINITE_RECURSION = YES;
				CLANG_WARN_INT_CONVERSION = YES;
				CLANG_WARN_NON_LITERAL_NULL_CONVERSION = YES;
				CLANG_WARN_OBJC_IMPLICIT_RETAIN_SELF = YES;
				CLANG_WARN_OBJC_LITERAL_CONVERSION = YES;
				CLANG_WARN_OBJC_ROOT_CLASS = YES_ERROR;
				CLANG_WARN_QUOTED_INCLUDE_IN_FRAMEWORK_HEADER = YES;
				CLANG_WARN_RANGE_LOOP_ANALYSIS = YES;
				CLANG_WARN_STRICT_PROTOTYPES = YES;
				CLANG_WARN_SUSPICIOUS_MOVE = YES;
				CLANG_WARN_UNGUARDED_AVAILABILITY = YES_AGGRESSIVE;
				CLANG_WARN_UNREACHABLE_CODE = YES;
				CLANG_WARN__DUPLICATE_METHOD_MATCH = YES;
				COPY_PHASE_STRIP = NO;
				DEBUG_INFORMATION_FORMAT = dwarf;
				ENABLE_STRICT_OBJC_MSGSEND = YES;
				ENABLE_TESTABILITY = YES;
				ENABLE_USER_SCRIPT_SANDBOXING = YES;
				GCC_C_LANGUAGE_STANDARD = gnu17;
				GCC_DYNAMIC_NO_PIC = NO;
				GCC_NO_COMMON_BLOCKS = YES;
				GCC_OPTIMIZATION_LEVEL = 0;
				GCC_PREPROCESSOR_DEFINITIONS = (
					"DEBUG=1",
					"$(inherited)",
				);
				GCC_WARN_64_TO_32_BIT_CONVERSION = YES;
				GCC_WARN_ABOUT_RETURN_TYPE = YES_ERROR;
				GCC_WARN_UNDECLARED_SELECTOR = YES;
				GCC_WARN_UNINITIALIZED_AUTOS = YES_AGGRESSIVE;
				GCC_WARN_UNUSED_FUNCTION = YES;
				GCC_WARN_UNUSED_VARIABLE = YES;
				IPHONEOS_DEPLOYMENT_TARGET = 17.5;
				LOCALIZATION_PREFERS_STRING_CATALOGS = YES;
				MTL_ENABLE_DEBUG_INFO = INCLUDE_SOURCE;
				MTL_FAST_MATH = YES;
				ONLY_ACTIVE_ARCH = YES;
				SDKROOT = iphoneos;
				SWIFT_ACTIVE_COMPILATION_CONDITIONS = "DEBUG $(inherited)";
				SWIFT_OPTIMIZATION_LEVEL = "-Onone";
			};
			name = Debug;
		};
		6B6871D02C0B7336003F096F /* Release */ = {
			isa = XCBuildConfiguration;
			buildSettings = {
				ALWAYS_SEARCH_USER_PATHS = NO;
				ASSETCATALOG_COMPILER_GENERATE_SWIFT_ASSET_SYMBOL_EXTENSIONS = YES;
				CLANG_ANALYZER_NONNULL = YES;
				CLANG_ANALYZER_NUMBER_OBJECT_CONVERSION = YES_AGGRESSIVE;
				CLANG_CXX_LANGUAGE_STANDARD = "gnu++20";
				CLANG_ENABLE_MODULES = YES;
				CLANG_ENABLE_OBJC_ARC = YES;
				CLANG_ENABLE_OBJC_WEAK = YES;
				CLANG_WARN_BLOCK_CAPTURE_AUTORELEASING = YES;
				CLANG_WARN_BOOL_CONVERSION = YES;
				CLANG_WARN_COMMA = YES;
				CLANG_WARN_CONSTANT_CONVERSION = YES;
				CLANG_WARN_DEPRECATED_OBJC_IMPLEMENTATIONS = YES;
				CLANG_WARN_DIRECT_OBJC_ISA_USAGE = YES_ERROR;
				CLANG_WARN_DOCUMENTATION_COMMENTS = YES;
				CLANG_WARN_EMPTY_BODY = YES;
				CLANG_WARN_ENUM_CONVERSION = YES;
				CLANG_WARN_INFINITE_RECURSION = YES;
				CLANG_WARN_INT_CONVERSION = YES;
				CLANG_WARN_NON_LITERAL_NULL_CONVERSION = YES;
				CLANG_WARN_OBJC_IMPLICIT_RETAIN_SELF = YES;
				CLANG_WARN_OBJC_LITERAL_CONVERSION = YES;
				CLANG_WARN_OBJC_ROOT_CLASS = YES_ERROR;
				CLANG_WARN_QUOTED_INCLUDE_IN_FRAMEWORK_HEADER = YES;
				CLANG_WARN_RANGE_LOOP_ANALYSIS = YES;
				CLANG_WARN_STRICT_PROTOTYPES = YES;
				CLANG_WARN_SUSPICIOUS_MOVE = YES;
				CLANG_WARN_UNGUARDED_AVAILABILITY = YES_AGGRESSIVE;
				CLANG_WARN_UNREACHABLE_CODE = YES;
				CLANG_WARN__DUPLICATE_METHOD_MATCH = YES;
				COPY_PHASE_STRIP = NO;
				DEBUG_INFORMATION_FORMAT = "dwarf-with-dsym";
				ENABLE_NS_ASSERTIONS = NO;
				ENABLE_STRICT_OBJC_MSGSEND = YES;
				ENABLE_USER_SCRIPT_SANDBOXING = YES;
				GCC_C_LANGUAGE_STANDARD = gnu17;
				GCC_NO_COMMON_BLOCKS = YES;
				GCC_WARN_64_TO_32_BIT_CONVERSION = YES;
				GCC_WARN_ABOUT_RETURN_TYPE = YES_ERROR;
				GCC_WARN_UNDECLARED_SELECTOR = YES;
				GCC_WARN_UNINITIALIZED_AUTOS = YES_AGGRESSIVE;
				GCC_WARN_UNUSED_FUNCTION = YES;
				GCC_WARN_UNUSED_VARIABLE = YES;
				IPHONEOS_DEPLOYMENT_TARGET = 17.5;
				LOCALIZATION_PREFERS_STRING_CATALOGS = YES;
				MTL_ENABLE_DEBUG_INFO = NO;
				MTL_FAST_MATH = YES;
				SDKROOT = iphoneos;
				SWIFT_COMPILATION_MODE = wholemodule;
				VALIDATE_PRODUCT = YES;
			};
			name = Release;
		};
		6B6871D22C0B7336003F096F /* Debug */ = {
			isa = XCBuildConfiguration;
			buildSettings = {
				ASSETCATALOG_COMPILER_APPICON_NAME = AppIcon;
				ASSETCATALOG_COMPILER_GLOBAL_ACCENT_COLOR_NAME = AccentColor;
				CODE_SIGN_STYLE = Automatic;
				CURRENT_PROJECT_VERSION = 1;
				DEVELOPMENT_ASSET_PATHS = "\"DependInject/Preview Content\"";
				DEVELOPMENT_TEAM = 3LU756Z7J5;
				ENABLE_PREVIEWS = YES;
				GENERATE_INFOPLIST_FILE = YES;
				INFOPLIST_KEY_UIApplicationSceneManifest_Generation = YES;
				INFOPLIST_KEY_UIApplicationSupportsIndirectInputEvents = YES;
				INFOPLIST_KEY_UILaunchScreen_Generation = YES;
				INFOPLIST_KEY_UISupportedInterfaceOrientations_iPad = "UIInterfaceOrientationPortrait UIInterfaceOrientationPortraitUpsideDown UIInterfaceOrientationLandscapeLeft UIInterfaceOrientationLandscapeRight";
				INFOPLIST_KEY_UISupportedInterfaceOrientations_iPhone = "UIInterfaceOrientationPortrait UIInterfaceOrientationLandscapeLeft UIInterfaceOrientationLandscapeRight";
				LD_RUNPATH_SEARCH_PATHS = (
					"$(inherited)",
					"@executable_path/Frameworks",
				);
				MARKETING_VERSION = 1.0;
				PRODUCT_BUNDLE_IDENTIFIER = com.maziarlayeghkar.DependInject;
				PRODUCT_NAME = "$(TARGET_NAME)";
				SWIFT_EMIT_LOC_STRINGS = YES;
				SWIFT_VERSION = 5.0;
				TARGETED_DEVICE_FAMILY = "1,2";
			};
			name = Debug;
		};
		6B6871D32C0B7336003F096F /* Release */ = {
			isa = XCBuildConfiguration;
			buildSettings = {
				ASSETCATALOG_COMPILER_APPICON_NAME = AppIcon;
				ASSETCATALOG_COMPILER_GLOBAL_ACCENT_COLOR_NAME = AccentColor;
				CODE_SIGN_STYLE = Automatic;
				CURRENT_PROJECT_VERSION = 1;
				DEVELOPMENT_ASSET_PATHS = "\"DependInject/Preview Content\"";
				DEVELOPMENT_TEAM = 3LU756Z7J5;
				ENABLE_PREVIEWS = YES;
				GENERATE_INFOPLIST_FILE = YES;
				INFOPLIST_KEY_UIApplicationSceneManifest_Generation = YES;
				INFOPLIST_KEY_UIApplicationSupportsIndirectInputEvents = YES;
				INFOPLIST_KEY_UILaunchScreen_Generation = YES;
				INFOPLIST_KEY_UISupportedInterfaceOrientations_iPad = "UIInterfaceOrientationPortrait UIInterfaceOrientationPortraitUpsideDown UIInterfaceOrientationLandscapeLeft UIInterfaceOrientationLandscapeRight";
				INFOPLIST_KEY_UISupportedInterfaceOrientations_iPhone = "UIInterfaceOrientationPortrait UIInterfaceOrientationLandscapeLeft UIInterfaceOrientationLandscapeRight";
				LD_RUNPATH_SEARCH_PATHS = (
					"$(inherited)",
					"@executable_path/Frameworks",
				);
				MARKETING_VERSION = 1.0;
				PRODUCT_BUNDLE_IDENTIFIER = com.maziarlayeghkar.DependInject;
				PRODUCT_NAME = "$(TARGET_NAME)";
				SWIFT_EMIT_LOC_STRINGS = YES;
				SWIFT_VERSION = 5.0;
				TARGETED_DEVICE_FAMILY = "1,2";
			};
			name = Release;
		};
		6B6871D52C0B7336003F096F /* Debug */ = {
			isa = XCBuildConfiguration;
			buildSettings = {
				ALWAYS_EMBED_SWIFT_STANDARD_LIBRARIES = YES;
				BUNDLE_LOADER = "$(TEST_HOST)";
				CODE_SIGN_STYLE = Automatic;
				CURRENT_PROJECT_VERSION = 1;
				DEVELOPMENT_TEAM = 3LU756Z7J5;
				GENERATE_INFOPLIST_FILE = YES;
				IPHONEOS_DEPLOYMENT_TARGET = 17.5;
				MARKETING_VERSION = 1.0;
				PRODUCT_BUNDLE_IDENTIFIER = com.maziarlayeghkar.DependInjectTests;
				PRODUCT_NAME = "$(TARGET_NAME)";
				SWIFT_EMIT_LOC_STRINGS = NO;
				SWIFT_VERSION = 5.0;
				TARGETED_DEVICE_FAMILY = "1,2";
				TEST_HOST = "$(BUILT_PRODUCTS_DIR)/DependInject.app/$(BUNDLE_EXECUTABLE_FOLDER_PATH)/DependInject";
			};
			name = Debug;
		};
		6B6871D62C0B7336003F096F /* Release */ = {
			isa = XCBuildConfiguration;
			buildSettings = {
				ALWAYS_EMBED_SWIFT_STANDARD_LIBRARIES = YES;
				BUNDLE_LOADER = "$(TEST_HOST)";
				CODE_SIGN_STYLE = Automatic;
				CURRENT_PROJECT_VERSION = 1;
				DEVELOPMENT_TEAM = 3LU756Z7J5;
				GENERATE_INFOPLIST_FILE = YES;
				IPHONEOS_DEPLOYMENT_TARGET = 17.5;
				MARKETING_VERSION = 1.0;
				PRODUCT_BUNDLE_IDENTIFIER = com.maziarlayeghkar.DependInjectTests;
				PRODUCT_NAME = "$(TARGET_NAME)";
				SWIFT_EMIT_LOC_STRINGS = NO;
				SWIFT_VERSION = 5.0;
				TARGETED_DEVICE_FAMILY = "1,2";
				TEST_HOST = "$(BUILT_PRODUCTS_DIR)/DependInject.app/$(BUNDLE_EXECUTABLE_FOLDER_PATH)/DependInject";
			};
			name = Release;
		};
		6B6871D82C0B7336003F096F /* Debug */ = {
			isa = XCBuildConfiguration;
			buildSettings = {
				ALWAYS_EMBED_SWIFT_STANDARD_LIBRARIES = YES;
				CODE_SIGN_STYLE = Automatic;
				CURRENT_PROJECT_VERSION = 1;
				DEVELOPMENT_TEAM = 3LU756Z7J5;
				GENERATE_INFOPLIST_FILE = YES;
				MARKETING_VERSION = 1.0;
				PRODUCT_BUNDLE_IDENTIFIER = com.maziarlayeghkar.DependInjectUITests;
				PRODUCT_NAME = "$(TARGET_NAME)";
				SWIFT_EMIT_LOC_STRINGS = NO;
				SWIFT_VERSION = 5.0;
				TARGETED_DEVICE_FAMILY = "1,2";
				TEST_TARGET_NAME = DependInject;
			};
			name = Debug;
		};
		6B6871D92C0B7336003F096F /* Release */ = {
			isa = XCBuildConfiguration;
			buildSettings = {
				ALWAYS_EMBED_SWIFT_STANDARD_LIBRARIES = YES;
				CODE_SIGN_STYLE = Automatic;
				CURRENT_PROJECT_VERSION = 1;
				DEVELOPMENT_TEAM = 3LU756Z7J5;
				GENERATE_INFOPLIST_FILE = YES;
				MARKETING_VERSION = 1.0;
				PRODUCT_BUNDLE_IDENTIFIER = com.maziarlayeghkar.DependInjectUITests;
				PRODUCT_NAME = "$(TARGET_NAME)";
				SWIFT_EMIT_LOC_STRINGS = NO;
				SWIFT_VERSION = 5.0;
				TARGETED_DEVICE_FAMILY = "1,2";
				TEST_TARGET_NAME = DependInject;
			};
			name = Release;
		};
/* End XCBuildConfiguration section */

/* Begin XCConfigurationList section */
		6B6871A82C0B7334003F096F /* Build configuration list for PBXProject "DependInject" */ = {
			isa = XCConfigurationList;
			buildConfigurations = (
				6B6871CF2C0B7336003F096F /* Debug */,
				6B6871D02C0B7336003F096F /* Release */,
			);
			defaultConfigurationIsVisible = 0;
			defaultConfigurationName = Release;
		};
		6B6871D12C0B7336003F096F /* Build configuration list for PBXNativeTarget "DependInject" */ = {
			isa = XCConfigurationList;
			buildConfigurations = (
				6B6871D22C0B7336003F096F /* Debug */,
				6B6871D32C0B7336003F096F /* Release */,
			);
			defaultConfigurationIsVisible = 0;
			defaultConfigurationName = Release;
		};
		6B6871D42C0B7336003F096F /* Build configuration list for PBXNativeTarget "DependInjectTests" */ = {
			isa = XCConfigurationList;
			buildConfigurations = (
				6B6871D52C0B7336003F096F /* Debug */,
				6B6871D62C0B7336003F096F /* Release */,
			);
			defaultConfigurationIsVisible = 0;
			defaultConfigurationName = Release;
		};
		6B6871D72C0B7336003F096F /* Build configuration list for PBXNativeTarget "DependInjectUITests" */ = {
			isa = XCConfigurationList;
			buildConfigurations = (
				6B6871D82C0B7336003F096F /* Debug */,
				6B6871D92C0B7336003F096F /* Release */,
			);
			defaultConfigurationIsVisible = 0;
			defaultConfigurationName = Release;
		};
/* End XCConfigurationList section */
	};
	rootObject = 6B6871A52C0B7334003F096F /* Project object */;
}
